// !$*UTF8*$!
{
	archiveVersion = 1;
	classes = {
	};
	objectVersion = 46;
	objects = {

/* Begin PBXBuildFile section */
		1D02C0FC1DE8CA2A004477CC /* AppDelegate.swift in Sources */ = {isa = PBXBuildFile; fileRef = 1D02C0FB1DE8CA2A004477CC /* AppDelegate.swift */; };
		1D02C0FE1DE8CA2A004477CC /* ViewController.swift in Sources */ = {isa = PBXBuildFile; fileRef = 1D02C0FD1DE8CA2A004477CC /* ViewController.swift */; };
		1D02C1011DE8CA2A004477CC /* Main.storyboard in Resources */ = {isa = PBXBuildFile; fileRef = 1D02C0FF1DE8CA2A004477CC /* Main.storyboard */; };
		1D02C1031DE8CA2A004477CC /* Assets.xcassets in Resources */ = {isa = PBXBuildFile; fileRef = 1D02C1021DE8CA2A004477CC /* Assets.xcassets */; };
		1D02C1061DE8CA2A004477CC /* LaunchScreen.storyboard in Resources */ = {isa = PBXBuildFile; fileRef = 1D02C1041DE8CA2A004477CC /* LaunchScreen.storyboard */; };
		1D02C1111DE8CA2A004477CC /* DevslopesSocialTests.swift in Sources */ = {isa = PBXBuildFile; fileRef = 1D02C1101DE8CA2A004477CC /* DevslopesSocialTests.swift */; };
/* End PBXBuildFile section */

/* Begin PBXContainerItemProxy section */
		1D02C10D1DE8CA2A004477CC /* PBXContainerItemProxy */ = {
			isa = PBXContainerItemProxy;
			containerPortal = 1D02C0F01DE8CA2A004477CC /* Project object */;
			proxyType = 1;
			remoteGlobalIDString = 1D02C0F71DE8CA2A004477CC;
			remoteInfo = DevslopesSocial;
		};
/* End PBXContainerItemProxy section */

/* Begin PBXFileReference section */
		1D02C0F81DE8CA2A004477CC /* DevslopesSocial.app */ = {isa = PBXFileReference; explicitFileType = wrapper.application; includeInIndex = 0; path = DevslopesSocial.app; sourceTree = BUILT_PRODUCTS_DIR; };
		1D02C0FB1DE8CA2A004477CC /* AppDelegate.swift */ = {isa = PBXFileReference; lastKnownFileType = sourcecode.swift; path = AppDelegate.swift; sourceTree = "<group>"; };
		1D02C0FD1DE8CA2A004477CC /* ViewController.swift */ = {isa = PBXFileReference; lastKnownFileType = sourcecode.swift; path = ViewController.swift; sourceTree = "<group>"; };
		1D02C1001DE8CA2A004477CC /* Base */ = {isa = PBXFileReference; lastKnownFileType = file.storyboard; name = Base; path = Base.lproj/Main.storyboard; sourceTree = "<group>"; };
		1D02C1021DE8CA2A004477CC /* Assets.xcassets */ = {isa = PBXFileReference; lastKnownFileType = folder.assetcatalog; path = Assets.xcassets; sourceTree = "<group>"; };
		1D02C1051DE8CA2A004477CC /* Base */ = {isa = PBXFileReference; lastKnownFileType = file.storyboard; name = Base; path = Base.lproj/LaunchScreen.storyboard; sourceTree = "<group>"; };
		1D02C1071DE8CA2A004477CC /* Info.plist */ = {isa = PBXFileReference; lastKnownFileType = text.plist.xml; path = Info.plist; sourceTree = "<group>"; };
		1D02C10C1DE8CA2A004477CC /* DevslopesSocialTests.xctest */ = {isa = PBXFileReference; explicitFileType = wrapper.cfbundle; includeInIndex = 0; path = DevslopesSocialTests.xctest; sourceTree = BUILT_PRODUCTS_DIR; };
		1D02C1101DE8CA2A004477CC /* DevslopesSocialTests.swift */ = {isa = PBXFileReference; lastKnownFileType = sourcecode.swift; path = DevslopesSocialTests.swift; sourceTree = "<group>"; };
		1D02C1121DE8CA2A004477CC /* Info.plist */ = {isa = PBXFileReference; lastKnownFileType = text.plist.xml; path = Info.plist; sourceTree = "<group>"; };
/* End PBXFileReference section */

/* Begin PBXFrameworksBuildPhase section */
		1D02C0F51DE8CA2A004477CC /* Frameworks */ = {
			isa = PBXFrameworksBuildPhase;
			buildActionMask = 2147483647;
			files = (
			);
			runOnlyForDeploymentPostprocessing = 0;
		};
		1D02C1091DE8CA2A004477CC /* Frameworks */ = {
			isa = PBXFrameworksBuildPhase;
			buildActionMask = 2147483647;
			files = (
			);
			runOnlyForDeploymentPostprocessing = 0;
		};
/* End PBXFrameworksBuildPhase section */

/* Begin PBXGroup section */
		1D02C0EF1DE8CA2A004477CC = {
			isa = PBXGroup;
			children = (
				1D02C0FA1DE8CA2A004477CC /* DevslopesSocial */,
				1D02C10F1DE8CA2A004477CC /* DevslopesSocialTests */,
				1D02C0F91DE8CA2A004477CC /* Products */,
			);
			sourceTree = "<group>";
		};
		1D02C0F91DE8CA2A004477CC /* Products */ = {
			isa = PBXGroup;
			children = (
				1D02C0F81DE8CA2A004477CC /* DevslopesSocial.app */,
				1D02C10C1DE8CA2A004477CC /* DevslopesSocialTests.xctest */,
			);
			name = Products;
			sourceTree = "<group>";
		};
		1D02C0FA1DE8CA2A004477CC /* DevslopesSocial */ = {
			isa = PBXGroup;
			children = (
				1D02C0FB1DE8CA2A004477CC /* AppDelegate.swift */,
				1D02C0FD1DE8CA2A004477CC /* ViewController.swift */,
				1D02C0FF1DE8CA2A004477CC /* Main.storyboard */,
				1D02C1021DE8CA2A004477CC /* Assets.xcassets */,
				1D02C1041DE8CA2A004477CC /* LaunchScreen.storyboard */,
				1D02C1071DE8CA2A004477CC /* Info.plist */,
			);
			path = DevslopesSocial;
			sourceTree = "<group>";
		};
		1D02C10F1DE8CA2A004477CC /* DevslopesSocialTests */ = {
			isa = PBXGroup;
			children = (
				1D02C1101DE8CA2A004477CC /* DevslopesSocialTests.swift */,
				1D02C1121DE8CA2A004477CC /* Info.plist */,
			);
			path = DevslopesSocialTests;
			sourceTree = "<group>";
		};
/* End PBXGroup section */

/* Begin PBXNativeTarget section */
		1D02C0F71DE8CA2A004477CC /* DevslopesSocial */ = {
			isa = PBXNativeTarget;
			buildConfigurationList = 1D02C1151DE8CA2A004477CC /* Build configuration list for PBXNativeTarget "DevslopesSocial" */;
			buildPhases = (
				1D02C0F41DE8CA2A004477CC /* Sources */,
				1D02C0F51DE8CA2A004477CC /* Frameworks */,
				1D02C0F61DE8CA2A004477CC /* Resources */,
			);
			buildRules = (
			);
			dependencies = (
			);
			name = DevslopesSocial;
			productName = DevslopesSocial;
			productReference = 1D02C0F81DE8CA2A004477CC /* DevslopesSocial.app */;
			productType = "com.apple.product-type.application";
		};
		1D02C10B1DE8CA2A004477CC /* DevslopesSocialTests */ = {
			isa = PBXNativeTarget;
			buildConfigurationList = 1D02C1181DE8CA2A004477CC /* Build configuration list for PBXNativeTarget "DevslopesSocialTests" */;
			buildPhases = (
				1D02C1081DE8CA2A004477CC /* Sources */,
				1D02C1091DE8CA2A004477CC /* Frameworks */,
				1D02C10A1DE8CA2A004477CC /* Resources */,
			);
			buildRules = (
			);
			dependencies = (
				1D02C10E1DE8CA2A004477CC /* PBXTargetDependency */,
			);
			name = DevslopesSocialTests;
			productName = DevslopesSocialTests;
			productReference = 1D02C10C1DE8CA2A004477CC /* DevslopesSocialTests.xctest */;
			productType = "com.apple.product-type.bundle.unit-test";
		};
/* End PBXNativeTarget section */

/* Begin PBXProject section */
		1D02C0F01DE8CA2A004477CC /* Project object */ = {
			isa = PBXProject;
			attributes = {
				LastSwiftUpdateCheck = 0810;
				LastUpgradeCheck = 0810;
				ORGANIZATIONNAME = "Roberto Montesinos";
				TargetAttributes = {
					1D02C0F71DE8CA2A004477CC = {
						CreatedOnToolsVersion = 8.1;
						DevelopmentTeam = V95CJ343L5;
						ProvisioningStyle = Automatic;
					};
					1D02C10B1DE8CA2A004477CC = {
						CreatedOnToolsVersion = 8.1;
						DevelopmentTeam = V95CJ343L5;
						ProvisioningStyle = Automatic;
						TestTargetID = 1D02C0F71DE8CA2A004477CC;
					};
				};
			};
			buildConfigurationList = 1D02C0F31DE8CA2A004477CC /* Build configuration list for PBXProject "DevslopesSocial" */;
			compatibilityVersion = "Xcode 3.2";
			developmentRegion = English;
			hasScannedForEncodings = 0;
			knownRegions = (
				en,
				Base,
			);
			mainGroup = 1D02C0EF1DE8CA2A004477CC;
			productRefGroup = 1D02C0F91DE8CA2A004477CC /* Products */;
			projectDirPath = "";
			projectRoot = "";
			targets = (
				1D02C0F71DE8CA2A004477CC /* DevslopesSocial */,
				1D02C10B1DE8CA2A004477CC /* DevslopesSocialTests */,
			);
		};
/* End PBXProject section */

/* Begin PBXResourcesBuildPhase section */
		1D02C0F61DE8CA2A004477CC /* Resources */ = {
			isa = PBXResourcesBuildPhase;
			buildActionMask = 2147483647;
			files = (
				1D02C1061DE8CA2A004477CC /* LaunchScreen.storyboard in Resources */,
				1D02C1031DE8CA2A004477CC /* Assets.xcassets in Resources */,
				1D02C1011DE8CA2A004477CC /* Main.storyboard in Resources */,
			);
			runOnlyForDeploymentPostprocessing = 0;
		};
		1D02C10A1DE8CA2A004477CC /* Resources */ = {
			isa = PBXResourcesBuildPhase;
			buildActionMask = 2147483647;
			files = (
			);
			runOnlyForDeploymentPostprocessing = 0;
		};
/* End PBXResourcesBuildPhase section */

/* Begin PBXSourcesBuildPhase section */
		1D02C0F41DE8CA2A004477CC /* Sources */ = {
			isa = PBXSourcesBuildPhase;
			buildActionMask = 2147483647;
			files = (
				1D02C0FE1DE8CA2A004477CC /* ViewController.swift in Sources */,
				1D02C0FC1DE8CA2A004477CC /* AppDelegate.swift in Sources */,
			);
			runOnlyForDeploymentPostprocessing = 0;
		};
		1D02C1081DE8CA2A004477CC /* Sources */ = {
			isa = PBXSourcesBuildPhase;
			buildActionMask = 2147483647;
			files = (
				1D02C1111DE8CA2A004477CC /* DevslopesSocialTests.swift in Sources */,
			);
			runOnlyForDeploymentPostprocessing = 0;
		};
/* End PBXSourcesBuildPhase section */

/* Begin PBXTargetDependency section */
		1D02C10E1DE8CA2A004477CC /* PBXTargetDependency */ = {
			isa = PBXTargetDependency;
			target = 1D02C0F71DE8CA2A004477CC /* DevslopesSocial */;
			targetProxy = 1D02C10D1DE8CA2A004477CC /* PBXContainerItemProxy */;
		};
/* End PBXTargetDependency section */

/* Begin PBXVariantGroup section */
		1D02C0FF1DE8CA2A004477CC /* Main.storyboard */ = {
			isa = PBXVariantGroup;
			children = (
				1D02C1001DE8CA2A004477CC /* Base */,
			);
			name = Main.storyboard;
			sourceTree = "<group>";
		};
		1D02C1041DE8CA2A004477CC /* LaunchScreen.storyboard */ = {
			isa = PBXVariantGroup;
			children = (
				1D02C1051DE8CA2A004477CC /* Base */,
			);
			name = LaunchScreen.storyboard;
			sourceTree = "<group>";
		};
/* End PBXVariantGroup section */

/* Begin XCBuildConfiguration section */
		1D02C1131DE8CA2A004477CC /* Debug */ = {
			isa = XCBuildConfiguration;
			buildSettings = {
				ALWAYS_SEARCH_USER_PATHS = NO;
				CLANG_ANALYZER_NONNULL = YES;
				CLANG_CXX_LANGUAGE_STANDARD = "gnu++0x";
				CLANG_CXX_LIBRARY = "libc++";
				CLANG_ENABLE_MODULES = YES;
				CLANG_ENABLE_OBJC_ARC = YES;
				CLANG_WARN_BOOL_CONVERSION = YES;
				CLANG_WARN_CONSTANT_CONVERSION = YES;
				CLANG_WARN_DIRECT_OBJC_ISA_USAGE = YES_ERROR;
				CLANG_WARN_DOCUMENTATION_COMMENTS = YES;
				CLANG_WARN_EMPTY_BODY = YES;
				CLANG_WARN_ENUM_CONVERSION = YES;
				CLANG_WARN_INFINITE_RECURSION = YES;
				CLANG_WARN_INT_CONVERSION = YES;
				CLANG_WARN_OBJC_ROOT_CLASS = YES_ERROR;
				CLANG_WARN_SUSPICIOUS_MOVES = YES;
				CLANG_WARN_UNREACHABLE_CODE = YES;
				CLANG_WARN__DUPLICATE_METHOD_MATCH = YES;
				"CODE_SIGN_IDENTITY[sdk=iphoneos*]" = "iPhone Developer";
				COPY_PHASE_STRIP = NO;
				DEBUG_INFORMATION_FORMAT = dwarf;
				ENABLE_STRICT_OBJC_MSGSEND = YES;
				ENABLE_TESTABILITY = YES;
				GCC_C_LANGUAGE_STANDARD = gnu99;
				GCC_DYNAMIC_NO_PIC = NO;
				GCC_NO_COMMON_BLOCKS = YES;
				GCC_OPTIMIZATION_LEVEL = 0;
				GCC_PREPROCESSOR_DEFINITIONS = (
					"DEBUG=1",
					"$(inherited)",
				);
				GCC_WARN_64_TO_32_BIT_CONVERSION = YES;
				GCC_WARN_ABOUT_RETURN_TYPE = YES_ERROR;
				GCC_WARN_UNDECLARED_SELECTOR = YES;
				GCC_WARN_UNINITIALIZED_AUTOS = YES_AGGRESSIVE;
				GCC_WARN_UNUSED_FUNCTION = YES;
				GCC_WARN_UNUSED_VARIABLE = YES;
				IPHONEOS_DEPLOYMENT_TARGET = 10.1;
				MTL_ENABLE_DEBUG_INFO = YES;
				ONLY_ACTIVE_ARCH = YES;
				SDKROOT = iphoneos;
				SWIFT_ACTIVE_COMPILATION_CONDITIONS = DEBUG;
				SWIFT_OPTIMIZATION_LEVEL = "-Onone";
				TARGETED_DEVICE_FAMILY = "1,2";
			};
			name = Debug;
		};
		1D02C1141DE8CA2A004477CC /* Release */ = {
			isa = XCBuildConfiguration;
			buildSettings = {
				ALWAYS_SEARCH_USER_PATHS = NO;
				CLANG_ANALYZER_NONNULL = YES;
				CLANG_CXX_LANGUAGE_STANDARD = "gnu++0x";
				CLANG_CXX_LIBRARY = "libc++";
				CLANG_ENABLE_MODULES = YES;
				CLANG_ENABLE_OBJC_ARC = YES;
				CLANG_WARN_BOOL_CONVERSION = YES;
				CLANG_WARN_CONSTANT_CONVERSION = YES;
				CLANG_WARN_DIRECT_OBJC_ISA_USAGE = YES_ERROR;
				CLANG_WARN_DOCUMENTATION_COMMENTS = YES;
				CLANG_WARN_EMPTY_BODY = YES;
				CLANG_WARN_ENUM_CONVERSION = YES;
				CLANG_WARN_INFINITE_RECURSION = YES;
				CLANG_WARN_INT_CONVERSION = YES;
				CLANG_WARN_OBJC_ROOT_CLASS = YES_ERROR;
				CLANG_WARN_SUSPICIOUS_MOVES = YES;
				CLANG_WARN_UNREACHABLE_CODE = YES;
				CLANG_WARN__DUPLICATE_METHOD_MATCH = YES;
				"CODE_SIGN_IDENTITY[sdk=iphoneos*]" = "iPhone Developer";
				COPY_PHASE_STRIP = NO;
				DEBUG_INFORMATION_FORMAT = "dwarf-with-dsym";
				ENABLE_NS_ASSERTIONS = NO;
				ENABLE_STRICT_OBJC_MSGSEND = YES;
				GCC_C_LANGUAGE_STANDARD = gnu99;
				GCC_NO_COMMON_BLOCKS = YES;
				GCC_WARN_64_TO_32_BIT_CONVERSION = YES;
				GCC_WARN_ABOUT_RETURN_TYPE = YES_ERROR;
				GCC_WARN_UNDECLARED_SELECTOR = YES;
				GCC_WARN_UNINITIALIZED_AUTOS = YES_AGGRESSIVE;
				GCC_WARN_UNUSED_FUNCTION = YES;
				GCC_WARN_UNUSED_VARIABLE = YES;
				IPHONEOS_DEPLOYMENT_TARGET = 10.1;
				MTL_ENABLE_DEBUG_INFO = NO;
				SDKROOT = iphoneos;
				SWIFT_OPTIMIZATION_LEVEL = "-Owholemodule";
				TARGETED_DEVICE_FAMILY = "1,2";
				VALIDATE_PRODUCT = YES;
			};
			name = Release;
		};
		1D02C1161DE8CA2A004477CC /* Debug */ = {
			isa = XCBuildConfiguration;
			buildSettings = {
				ASSETCATALOG_COMPILER_APPICON_NAME = AppIcon;
				DEVELOPMENT_TEAM = V95CJ343L5;
				INFOPLIST_FILE = DevslopesSocial/Info.plist;
				LD_RUNPATH_SEARCH_PATHS = "$(inherited) @executable_path/Frameworks";
				PRODUCT_BUNDLE_IDENTIFIER = rmDivision.DevslopesSocial;
				PRODUCT_NAME = "$(TARGET_NAME)";
				SWIFT_VERSION = 3.0;
			};
			name = Debug;
		};
		1D02C1171DE8CA2A004477CC /* Release */ = {
			isa = XCBuildConfiguration;
			buildSettings = {
				ASSETCATALOG_COMPILER_APPICON_NAME = AppIcon;
				DEVELOPMENT_TEAM = V95CJ343L5;
				INFOPLIST_FILE = DevslopesSocial/Info.plist;
				LD_RUNPATH_SEARCH_PATHS = "$(inherited) @executable_path/Frameworks";
				PRODUCT_BUNDLE_IDENTIFIER = rmDivision.DevslopesSocial;
				PRODUCT_NAME = "$(TARGET_NAME)";
				SWIFT_VERSION = 3.0;
			};
			name = Release;
		};
		1D02C1191DE8CA2A004477CC /* Debug */ = {
			isa = XCBuildConfiguration;
			buildSettings = {
				ALWAYS_EMBED_SWIFT_STANDARD_LIBRARIES = YES;
				BUNDLE_LOADER = "$(TEST_HOST)";
				DEVELOPMENT_TEAM = V95CJ343L5;
				INFOPLIST_FILE = DevslopesSocialTests/Info.plist;
				LD_RUNPATH_SEARCH_PATHS = "$(inherited) @executable_path/Frameworks @loader_path/Frameworks";
				PRODUCT_BUNDLE_IDENTIFIER = rmDivision.DevslopesSocialTests;
				PRODUCT_NAME = "$(TARGET_NAME)";
				SWIFT_VERSION = 3.0;
				TEST_HOST = "$(BUILT_PRODUCTS_DIR)/DevslopesSocial.app/DevslopesSocial";
			};
			name = Debug;
		};
		1D02C11A1DE8CA2A004477CC /* Release */ = {
			isa = XCBuildConfiguration;
			buildSettings = {
				ALWAYS_EMBED_SWIFT_STANDARD_LIBRARIES = YES;
				BUNDLE_LOADER = "$(TEST_HOST)";
				DEVELOPMENT_TEAM = V95CJ343L5;
				INFOPLIST_FILE = DevslopesSocialTests/Info.plist;
				LD_RUNPATH_SEARCH_PATHS = "$(inherited) @executable_path/Frameworks @loader_path/Frameworks";
				PRODUCT_BUNDLE_IDENTIFIER = rmDivision.DevslopesSocialTests;
				PRODUCT_NAME = "$(TARGET_NAME)";
				SWIFT_VERSION = 3.0;
				TEST_HOST = "$(BUILT_PRODUCTS_DIR)/DevslopesSocial.app/DevslopesSocial";
			};
			name = Release;
		};
/* End XCBuildConfiguration section */

/* Begin XCConfigurationList section */
		1D02C0F31DE8CA2A004477CC /* Build configuration list for PBXProject "DevslopesSocial" */ = {
			isa = XCConfigurationList;
			buildConfigurations = (
				1D02C1131DE8CA2A004477CC /* Debug */,
				1D02C1141DE8CA2A004477CC /* Release */,
			);
			defaultConfigurationIsVisible = 0;
			defaultConfigurationName = Release;
		};
		1D02C1151DE8CA2A004477CC /* Build configuration list for PBXNativeTarget "DevslopesSocial" */ = {
			isa = XCConfigurationList;
			buildConfigurations = (
				1D02C1161DE8CA2A004477CC /* Debug */,
				1D02C1171DE8CA2A004477CC /* Release */,
			);
			defaultConfigurationIsVisible = 0;
		};
		1D02C1181DE8CA2A004477CC /* Build configuration list for PBXNativeTarget "DevslopesSocialTests" */ = {
			isa = XCConfigurationList;
			buildConfigurations = (
				1D02C1191DE8CA2A004477CC /* Debug */,
				1D02C11A1DE8CA2A004477CC /* Release */,
			);
			defaultConfigurationIsVisible = 0;
		};
/* End XCConfigurationList section */
	};
	rootObject = 1D02C0F01DE8CA2A004477CC /* Project object */;
}
